
Microsoft Visual Studio Solution File, Format Version 12.00
# Visual Studio Version 17
VisualStudioVersion = 17.14.36310.24 d17.14
MinimumVisualStudioVersion = 10.0.40219.1
Project("{FAE04EC0-301F-11D3-BF4B-00C04F79EFBC}") = "WinForm_SIS(Sismundo)", "WinForm_SIS(Sismundo)\WinForm_SIS(Sismundo).csproj", "{2A6E3E4E-05AB-459A-B974-A0FF4BCA79DA}"
EndProject
Global
	GlobalSection(SolutionConfigurationPlatforms) = preSolution
		Debug|Any CPU = Debug|Any CPU
		Release|Any CPU = Release|Any CPU
	EndGlobalSection
	GlobalSection(ProjectConfigurationPlatforms) = postSolution
		{2A6E3E4E-05AB-459A-B974-A0FF4BCA79DA}.Debug|Any CPU.ActiveCfg = Debug|Any CPU
		{2A6E3E4E-05AB-459A-B974-A0FF4BCA79DA}.Debug|Any CPU.Build.0 = Debug|Any CPU
		{2A6E3E4E-05AB-459A-B974-A0FF4BCA79DA}.Release|Any CPU.ActiveCfg = Release|Any CPU
		{2A6E3E4E-05AB-459A-B974-A0FF4BCA79DA}.Release|Any CPU.Build.0 = Release|Any CPU
	EndGlobalSection
	GlobalSection(SolutionProperties) = preSolution
		HideSolutionNode = FALSE
	EndGlobalSection
	GlobalSection(ExtensibilityGlobals) = postSolution
		SolutionGuid = {AB9155BD-17FB-4237-A764-62297E6AFDC7}
	EndGlobalSection
EndGlobal
